{
  "dependencies": {
    "browserify": {
      "version": "13.0.0",
      "dependencies": {
        "JSONStream": {
          "version": "1.0.7",
          "dependencies": {
            "jsonparse": {
              "version": "1.2.0"
            },
            "through": {
              "version": "2.3.8"
            }
          }
        },
        "assert": {
          "version": "1.3.0"
        },
        "browser-pack": {
          "version": "6.0.1",
          "dependencies": {
            "combine-source-map": {
              "version": "0.7.1",
              "dependencies": {
                "convert-source-map": {
                  "version": "1.1.3"
                },
                "inline-source-map": {
                  "version": "0.6.1"
                },
                "lodash.memoize": {
                  "version": "3.0.4"
                },
                "source-map": {
                  "version": "0.4.2",
                  "dependencies": {
                    "amdefine": {
                      "version": "1.0.0"
                    }
                  }
                }
              }
            },
            "umd": {
              "version": "3.0.1"
            }
          }
        },
        "browser-resolve": {
          "version": "1.11.0"
        },
        "browserify-zlib": {
          "version": "0.1.4",
          "dependencies": {
            "pako": {
              "version": "0.2.8"
            }
          }
        },
        "buffer": {
          "version": "4.3.0",
          "dependencies": {
            "base64-js": {
              "version": "1.0.2"
            },
            "ieee754": {
              "version": "1.1.6"
            },
            "isarray": {
              "version": "1.0.0"
            }
          }
        },
        "concat-stream": {
          "version": "1.5.1",
          "dependencies": {
            "typedarray": {
              "version": "0.0.6"
            }
          }
        },
        "console-browserify": {
          "version": "1.1.0",
          "dependencies": {
            "date-now": {
              "version": "0.1.4"
            }
          }
        },
        "constants-browserify": {
          "version": "1.0.0"
        },
        "crypto-browserify": {
          "version": "3.11.0",
          "dependencies": {
            "browserify-cipher": {
              "version": "1.0.0",
              "dependencies": {
                "browserify-aes": {
                  "version": "1.0.5",
                  "dependencies": {
                    "buffer-xor": {
                      "version": "1.0.3"
                    },
                    "cipher-base": {
                      "version": "1.0.2"
                    }
                  }
                },
                "browserify-des": {
                  "version": "1.0.0",
                  "dependencies": {
                    "cipher-base": {
                      "version": "1.0.2"
                    },
                    "des.js": {
                      "version": "1.0.0",
                      "dependencies": {
                        "minimalistic-assert": {
                          "version": "1.0.0"
                        }
                      }
                    }
                  }
                },
                "evp_bytestokey": {
                  "version": "1.0.0"
                }
              }
            },
            "browserify-sign": {
              "version": "4.0.0",
              "dependencies": {
                "bn.js": {
                  "version": "4.6.4"
                },
                "browserify-rsa": {
                  "version": "4.0.0"
                },
                "elliptic": {
                  "version": "6.1.0",
                  "dependencies": {
                    "brorand": {
                      "version": "1.0.5"
                    },
                    "hash.js": {
                      "version": "1.0.3"
                    }
                  }
                },
                "parse-asn1": {
                  "version": "5.0.0",
                  "dependencies": {
                    "asn1.js": {
                      "version": "4.3.0",
                      "dependencies": {
                        "minimalistic-assert": {
                          "version": "1.0.0"
                        }
                      }
                    },
                    "browserify-aes": {
                      "version": "1.0.5",
                      "dependencies": {
                        "buffer-xor": {
                          "version": "1.0.3"
                        },
                        "cipher-base": {
                          "version": "1.0.2"
                        }
                      }
                    },
                    "evp_bytestokey": {
                      "version": "1.0.0"
                    }
                  }
                }
              }
            },
            "create-ecdh": {
              "version": "4.0.0",
              "dependencies": {
                "bn.js": {
                  "version": "4.6.4"
                },
                "elliptic": {
                  "version": "6.1.0",
                  "dependencies": {
                    "brorand": {
                      "version": "1.0.5"
                    },
                    "hash.js": {
                      "version": "1.0.3"
                    }
                  }
                }
              }
            },
            "create-hash": {
              "version": "1.1.2",
              "dependencies": {
                "cipher-base": {
                  "version": "1.0.2"
                },
                "ripemd160": {
                  "version": "1.0.1"
                },
                "sha.js": {
                  "version": "2.4.4"
                }
              }
            },
            "create-hmac": {
              "version": "1.1.4"
            },
            "diffie-hellman": {
              "version": "5.0.1",
              "dependencies": {
                "bn.js": {
                  "version": "4.6.4"
                },
                "miller-rabin": {
                  "version": "4.0.0",
                  "dependencies": {
                    "brorand": {
                      "version": "1.0.5"
                    }
                  }
                }
              }
            },
            "pbkdf2": {
              "version": "3.0.4"
            },
            "public-encrypt": {
              "version": "4.0.0",
              "dependencies": {
                "bn.js": {
                  "version": "4.6.4"
                },
                "browserify-rsa": {
                  "version": "4.0.0"
                },
                "parse-asn1": {
                  "version": "5.0.0",
                  "dependencies": {
                    "asn1.js": {
                      "version": "4.3.0",
                      "dependencies": {
                        "minimalistic-assert": {
                          "version": "1.0.0"
                        }
                      }
                    },
                    "browserify-aes": {
                      "version": "1.0.5",
                      "dependencies": {
                        "buffer-xor": {
                          "version": "1.0.3"
                        },
                        "cipher-base": {
                          "version": "1.0.2"
                        }
                      }
                    },
                    "evp_bytestokey": {
                      "version": "1.0.0"
                    }
                  }
                }
              }
            },
            "randombytes": {
              "version": "2.0.2"
            }
          }
        },
        "defined": {
          "version": "1.0.0"
        },
        "deps-sort": {
          "version": "2.0.0"
        },
        "domain-browser": {
          "version": "1.1.7"
        },
        "duplexer2": {
          "version": "0.1.4"
        },
        "events": {
          "version": "1.1.0"
        },
        "glob": {
          "version": "5.0.15",
          "dependencies": {
            "inflight": {
              "version": "1.0.4",
              "dependencies": {
                "wrappy": {
                  "version": "1.0.1"
                }
              }
            },
            "minimatch": {
              "version": "3.0.0",
              "dependencies": {
                "brace-expansion": {
                  "version": "1.1.2",
                  "dependencies": {
                    "balanced-match": {
                      "version": "0.3.0"
                    },
                    "concat-map": {
                      "version": "0.0.1"
                    }
                  }
                }
              }
            },
            "once": {
              "version": "1.3.3",
              "dependencies": {
                "wrappy": {
                  "version": "1.0.1"
                }
              }
            },
            "path-is-absolute": {
              "version": "1.0.0"
            }
          }
        },
        "has": {
          "version": "1.0.1",
          "dependencies": {
            "function-bind": {
              "version": "1.0.2"
            }
          }
        },
        "htmlescape": {
          "version": "1.1.0"
        },
        "stream-http": {
          "version": "2.1.0",
          "dependencies": {
            "builtin-status-codes": {
              "version": "1.0.0"
            },
            "to-arraybuffer": {
              "version": "1.0.1"
            }
          }
        },
        "https-browserify": {
          "version": "0.0.1"
        },
        "inherits": {
          "version": "2.0.1"
        },
        "insert-module-globals": {
          "version": "7.0.1",
          "dependencies": {
            "combine-source-map": {
              "version": "0.7.1",
              "dependencies": {
                "convert-source-map": {
                  "version": "1.1.3"
                },
                "inline-source-map": {
                  "version": "0.6.1"
                },
                "lodash.memoize": {
                  "version": "3.0.4"
                },
                "source-map": {
                  "version": "0.4.2",
                  "dependencies": {
                    "amdefine": {
                      "version": "1.0.0"
                    }
                  }
                }
              }
            },
            "is-buffer": {
              "version": "1.1.1"
            },
            "lexical-scope": {
              "version": "1.2.0",
              "dependencies": {
                "astw": {
                  "version": "2.0.0",
                  "dependencies": {
                    "acorn": {
                      "version": "1.2.2"
                    }
                  }
                }
              }
            }
          }
        },
        "isarray": {
          "version": "0.0.1"
        },
        "labeled-stream-splicer": {
          "version": "2.0.0",
          "dependencies": {
            "stream-splicer": {
              "version": "2.0.0"
            }
          }
        },
        "module-deps": {
          "version": "4.0.5",
          "dependencies": {
            "detective": {
              "version": "4.3.1",
              "dependencies": {
                "acorn": {
                  "version": "1.2.2"
                }
              }
            },
            "stream-combiner2": {
              "version": "1.1.1"
            }
          }
        },
        "os-browserify": {
          "version": "0.1.2"
        },
        "parents": {
          "version": "1.0.1",
          "dependencies": {
            "path-platform": {
              "version": "0.11.15"
            }
          }
        },
        "path-browserify": {
          "version": "0.0.0"
        },
        "process": {
          "version": "0.11.2"
        },
        "punycode": {
          "version": "1.4.0"
        },
        "querystring-es3": {
          "version": "0.2.1"
        },
        "read-only-stream": {
          "version": "2.0.0"
        },
        "readable-stream": {
          "version": "2.0.5",
          "dependencies": {
            "core-util-is": {
              "version": "1.0.2"
            },
            "process-nextick-args": {
              "version": "1.0.6"
            },
            "util-deprecate": {
              "version": "1.0.2"
            }
          }
        },
        "resolve": {
          "version": "1.1.6"
        },
        "shasum": {
          "version": "1.0.2",
          "dependencies": {
            "json-stable-stringify": {
              "version": "0.0.1",
              "dependencies": {
                "jsonify": {
                  "version": "0.0.0"
                }
              }
            },
            "sha.js": {
              "version": "2.4.4"
            }
          }
        },
        "shell-quote": {
          "version": "1.4.3",
          "dependencies": {
            "jsonify": {
              "version": "0.0.0"
            },
            "array-filter": {
              "version": "0.0.1"
            },
            "array-reduce": {
              "version": "0.0.0"
            },
            "array-map": {
              "version": "0.0.0"
            }
          }
        },
        "stream-browserify": {
          "version": "2.0.1"
        },
        "string_decoder": {
          "version": "0.10.31"
        },
        "subarg": {
          "version": "1.0.0",
          "dependencies": {
            "minimist": {
              "version": "1.2.0"
            }
          }
        },
        "syntax-error": {
          "version": "1.1.4",
          "dependencies": {
            "acorn": {
              "version": "1.2.2"
            }
          }
        },
        "through2": {
          "version": "2.0.0"
        },
        "timers-browserify": {
          "version": "1.4.2"
        },
        "tty-browserify": {
          "version": "0.0.0"
        },
        "url": {
          "version": "0.11.0",
          "dependencies": {
            "punycode": {
              "version": "1.3.2"
            },
            "querystring": {
              "version": "0.2.0"
            }
          }
        },
        "util": {
          "version": "0.10.3"
        },
        "vm-browserify": {
          "version": "0.0.4",
          "dependencies": {
            "indexof": {
              "version": "0.0.1"
            }
          }
        },
        "xtend": {
          "version": "4.0.1"
        }
      }
    },
    "externalify": {
      "version": "0.1.0",
      "dependencies": {
        "globo": {
          "version": "1.0.2",
          "dependencies": {
            "accessory": {
              "version": "1.0.1",
              "dependencies": {
                "dot-parts": {
                  "version": "1.0.1"
                }
              }
            },
            "is-defined": {
              "version": "1.0.0"
            },
            "ternary": {
              "version": "1.0.0"
            }
          }
        },
        "map-obj": {
          "version": "1.0.1"
        },
        "replace-require-functions": {
          "version": "1.0.0",
          "dependencies": {
            "detective": {
              "version": "4.1.1",
              "dependencies": {
                "acorn": {
                  "version": "1.2.2"
                },
                "defined": {
                  "version": "1.0.0"
                },
                "escodegen": {
                  "version": "1.8.0",
                  "dependencies": {
                    "estraverse": {
                      "version": "1.9.3"
                    },
                    "esutils": {
                      "version": "2.0.2"
                    },
                    "esprima": {
                      "version": "2.7.1"
                    },
                    "optionator": {
                      "version": "0.8.1",
                      "dependencies": {
                        "prelude-ls": {
                          "version": "1.1.2"
                        },
                        "deep-is": {
                          "version": "0.1.3"
                        },
                        "wordwrap": {
                          "version": "1.0.0"
                        },
                        "type-check": {
                          "version": "0.3.2"
                        },
                        "levn": {
                          "version": "0.3.0"
                        },
                        "fast-levenshtein": {
                          "version": "1.1.0"
                        }
                      }
                    },
                    "source-map": {
                      "version": "0.2.0",
                      "dependencies": {
                        "amdefine": {
                          "version": "1.0.0"
                        }
                      }
                    }
                  }
                }
              }
            },
            "has-require": {
              "version": "1.2.1",
              "dependencies": {
                "escape-string-regexp": {
                  "version": "1.0.4"
                }
              }
            },
            "patch-text": {
              "version": "1.0.2"
            },
            "xtend": {
              "version": "4.0.1"
            }
          }
        },
        "through2": {
          "version": "0.4.2",
          "dependencies": {
            "readable-stream": {
              "version": "1.0.33",
              "dependencies": {
                "core-util-is": {
                  "version": "1.0.2"
                },
                "isarray": {
                  "version": "0.0.1"
                },
                "string_decoder": {
                  "version": "0.10.31"
                },
                "inherits": {
                  "version": "2.0.1"
                }
              }
            },
            "xtend": {
              "version": "2.1.2",
              "dependencies": {
                "object-keys": {
                  "version": "0.4.0"
                }
              }
            }
          }
        },
        "transformify": {
          "version": "0.1.2",
          "dependencies": {
            "readable-stream": {
              "version": "1.1.13",
              "dependencies": {
                "core-util-is": {
                  "version": "1.0.2"
                },
                "isarray": {
                  "version": "0.0.1"
                },
                "string_decoder": {
                  "version": "0.10.31"
                },
                "inherits": {
                  "version": "2.0.1"
                }
              }
            }
          }
        }
      }
    },
    "github": {
      "version": "0.1.8"
    },
    "joi": {
      "version": "7.2.2",
      "dependencies": {
        "hoek": {
          "version": "3.0.4"
        },
        "topo": {
          "version": "2.0.0"
        },
        "isemail": {
          "version": "2.1.0"
        },
        "moment": {
          "version": "2.11.1"
        }
      }
    },
    "joi-validation-strategy": {
      "version": "0.3.3",
      "dependencies": {
        "he": {
          "version": "0.5.0"
        },
        "invariant": {
          "version": "2.2.0",
          "dependencies": {
            "loose-envify": {
              "version": "1.1.0",
              "dependencies": {
                "js-tokens": {
                  "version": "1.0.2"
                }
              }
            }
          }
        },
        "lodash.compose": {
          "version": "2.4.1",
          "dependencies": {
            "lodash.isfunction": {
              "version": "2.4.1"
            }
          }
        },
        "lodash.get": {
          "version": "3.7.0",
          "dependencies": {
            "lodash._baseget": {
              "version": "3.7.2"
            },
            "lodash._topath": {
              "version": "3.8.1",
              "dependencies": {
                "lodash.isarray": {
                  "version": "3.0.4"
                }
              }
            }
          }
        },
        "lodash.groupby": {
          "version": "3.1.1",
          "dependencies": {
            "lodash._createaggregator": {
              "version": "3.0.0",
              "dependencies": {
                "lodash._basecallback": {
                  "version": "3.3.1",
                  "dependencies": {
                    "lodash._baseisequal": {
                      "version": "3.0.7",
                      "dependencies": {
                        "lodash.istypedarray": {
                          "version": "3.0.3"
                        }
                      }
                    },
                    "lodash._bindcallback": {
                      "version": "3.0.1"
                    },
                    "lodash.pairs": {
                      "version": "3.0.1"
                    }
                  }
                },
                "lodash._baseeach": {
                  "version": "3.0.4"
                },
                "lodash.isarray": {
                  "version": "3.0.4"
                }
              }
            },
            "lodash.keys": {
              "version": "3.1.2",
              "dependencies": {
                "lodash._getnative": {
                  "version": "3.9.1"
                },
                "lodash.isarguments": {
                  "version": "3.0.5"
                },
                "lodash.isarray": {
                  "version": "3.0.4"
                }
              }
            }
          }
        },
        "lodash.isempty": {
          "version": "3.0.4",
          "dependencies": {
            "lodash.isarguments": {
              "version": "3.0.5"
            },
            "lodash.isarray": {
              "version": "3.0.4"
            },
            "lodash.isfunction": {
              "version": "3.0.7"
            },
            "lodash.isstring": {
              "version": "3.0.1"
            },
            "lodash.keys": {
              "version": "3.1.2",
              "dependencies": {
                "lodash._getnative": {
                  "version": "3.9.1"
                }
              }
            }
          }
        },
        "lodash.set": {
          "version": "3.7.4",
          "dependencies": {
            "lodash._topath": {
              "version": "3.8.1"
            },
            "lodash.isarray": {
              "version": "3.0.4"
            }
          }
        }
      }
    },
    "react": {
      "version": "0.14.6",
      "dependencies": {
        "envify": {
          "version": "3.4.0",
          "dependencies": {
            "through": {
              "version": "2.3.8"
            },
            "jstransform": {
              "version": "10.1.0",
              "dependencies": {
                "base62": {
                  "version": "0.1.1"
                },
                "esprima-fb": {
                  "version": "13001.1001.0-dev-harmony-fb"
                },
                "source-map": {
                  "version": "0.1.31",
                  "dependencies": {
                    "amdefine": {
                      "version": "1.0.0"
                    }
                  }
                }
              }
            }
          }
        },
        "fbjs": {
          "version": "0.6.1",
          "dependencies": {
            "core-js": {
              "version": "1.2.6"
            },
            "loose-envify": {
              "version": "1.1.0",
              "dependencies": {
                "js-tokens": {
                  "version": "1.0.2"
                }
              }
            },
            "promise": {
              "version": "7.1.1",
              "dependencies": {
                "asap": {
                  "version": "2.0.3"
                }
              }
            },
            "ua-parser-js": {
              "version": "0.7.10"
            },
            "whatwg-fetch": {
              "version": "0.9.0"
            }
          }
        }
      }
    },
    "react-bootstrap": {
      "version": "0.28.2",
      "dependencies": {
        "babel-runtime": {
          "version": "5.8.34",
          "dependencies": {
            "core-js": {
              "version": "1.2.6"
            }
          }
        },
        "classnames": {
          "version": "2.2.3"
        },
        "dom-helpers": {
          "version": "2.4.0"
        },
        "invariant": {
          "version": "2.2.0",
          "dependencies": {
            "loose-envify": {
              "version": "1.1.0",
              "dependencies": {
                "js-tokens": {
                  "version": "1.0.2"
                }
              }
            }
          }
        },
        "keycode": {
          "version": "2.1.0"
        },
        "lodash-compat": {
          "version": "3.10.1"
        },
        "react-overlays": {
          "version": "0.5.4",
          "dependencies": {
            "react-prop-types": {
              "version": "0.2.2"
            }
          }
        },
        "react-prop-types": {
          "version": "0.3.0"
        },
        "uncontrollable": {
          "version": "3.2.1"
        },
        "warning": {
          "version": "2.1.0",
          "dependencies": {
            "loose-envify": {
              "version": "1.1.0",
              "dependencies": {
                "js-tokens": {
                  "version": "1.0.2"
                }
              }
            }
          }
        },
        "react-dom": {
          "version": "0.14.6"
        },
        "react": {
          "version": "0.14.6",
          "dependencies": {
            "envify": {
              "version": "3.4.0",
              "dependencies": {
                "through": {
                  "version": "2.3.8"
                },
                "jstransform": {
                  "version": "10.1.0",
                  "dependencies": {
                    "base62": {
                      "version": "0.1.1"
                    },
                    "esprima-fb": {
                      "version": "13001.1001.0-dev-harmony-fb"
                    },
                    "source-map": {
                      "version": "0.1.31",
                      "dependencies": {
                        "amdefine": {
                          "version": "1.0.0"
                        }
                      }
                    }
                  }
                }
              }
            },
            "fbjs": {
              "version": "0.6.1",
              "dependencies": {
                "core-js": {
                  "version": "1.2.6"
                },
                "loose-envify": {
                  "version": "1.1.0",
                  "dependencies": {
                    "js-tokens": {
                      "version": "1.0.2"
                    }
                  }
                },
                "promise": {
                  "version": "7.1.1",
                  "dependencies": {
                    "asap": {
                      "version": "2.0.3"
                    }
                  }
                },
                "ua-parser-js": {
                  "version": "0.7.10"
                },
                "whatwg-fetch": {
                  "version": "0.9.0"
                }
              }
            }
          }
        }
      }
    },
    "react-dom": {
      "version": "0.14.6"
    },
    "react-validation-mixin": {
      "version": "5.3.4",
      "dependencies": {
        "invariant": {
          "version": "2.2.0",
          "dependencies": {
            "loose-envify": {
              "version": "1.1.0",
              "dependencies": {
                "js-tokens": {
                  "version": "1.0.2"
                }
              }
            }
          }
        },
        "lodash.flatten": {
          "version": "3.0.2",
          "dependencies": {
            "lodash._baseflatten": {
              "version": "3.1.4",
              "dependencies": {
                "lodash.isarguments": {
                  "version": "3.0.5"
                },
                "lodash.isarray": {
                  "version": "3.0.4"
                }
              }
            },
            "lodash._isiterateecall": {
              "version": "3.0.9"
            }
          }
        },
        "lodash.get": {
          "version": "3.7.0",
          "dependencies": {
            "lodash._baseget": {
              "version": "3.7.2"
            },
            "lodash._topath": {
              "version": "3.8.1",
              "dependencies": {
                "lodash.isarray": {
                  "version": "3.0.4"
                }
              }
            }
          }
        },
        "lodash.isempty": {
          "version": "3.0.4",
          "dependencies": {
            "lodash.isarguments": {
              "version": "3.0.5"
            },
            "lodash.isarray": {
              "version": "3.0.4"
            },
            "lodash.isfunction": {
              "version": "3.0.7"
            },
            "lodash.isstring": {
              "version": "3.0.1"
            },
            "lodash.keys": {
              "version": "3.1.2",
              "dependencies": {
                "lodash._getnative": {
                  "version": "3.9.1"
                }
              }
            }
          }
        },
        "lodash.result": {
          "version": "3.1.2",
          "dependencies": {
            "lodash._baseget": {
              "version": "3.7.2"
            },
            "lodash._baseslice": {
              "version": "3.0.3"
            },
            "lodash._topath": {
              "version": "3.8.1"
            },
            "lodash.isarray": {
              "version": "3.0.4"
            },
            "lodash.isfunction": {
              "version": "3.0.7"
            }
          }
        },
        "lodash.values": {
          "version": "3.0.0",
          "dependencies": {
            "lodash._basevalues": {
              "version": "3.0.0"
            },
            "lodash.keys": {
              "version": "3.1.2",
              "dependencies": {
                "lodash._getnative": {
                  "version": "3.9.1"
                },
                "lodash.isarguments": {
                  "version": "3.0.5"
                },
                "lodash.isarray": {
                  "version": "3.0.4"
                }
              }
            }
          }
        },
        "react-display-name": {
          "version": "0.0.1"
        }
      }
    },
    "redis": {
      "version": "0.8.2"
    }
  }
}
